
Microsoft Visual Studio Solution File, Format Version 12.00
# Visual Studio 14
VisualStudioVersion = 14.0.25420.1
MinimumVisualStudioVersion = 10.0.40219.1
Project("{FAE04EC0-301F-11D3-BF4B-00C04F79EFBC}") = "WindowsFormsApplication1", "WindowsFormsApplication1\WindowsFormsApplication1.csproj", "{6AB00A8F-6989-4D29-8FF1-C5ED5D2F3ACA}"
EndProject
Global
	GlobalSection(SolutionConfigurationPlatforms) = preSolution
		Debug|Any CPU = Debug|Any CPU
		Release|Any CPU = Release|Any CPU
	EndGlobalSection
	GlobalSection(ProjectConfigurationPlatforms) = postSolution
		{6AB00A8F-6989-4D29-8FF1-C5ED5D2F3ACA}.Debug|Any CPU.ActiveCfg = Debug|Any CPU
		{6AB00A8F-6989-4D29-8FF1-C5ED5D2F3ACA}.Debug|Any CPU.Build.0 = Debug|Any CPU
		{6AB00A8F-6989-4D29-8FF1-C5ED5D2F3ACA}.Release|Any CPU.ActiveCfg = Release|Any CPU
		{6AB00A8F-6989-4D29-8FF1-C5ED5D2F3ACA}.Release|Any CPU.Build.0 = Release|Any CPU
	EndGlobalSection
	GlobalSection(SolutionProperties) = preSolution
		HideSolutionNode = FALSE
	EndGlobalSection
EndGlobal
